{
    "_meta": {
        "hash": {
            "sha256": "d0c142f3ac06303c5d30c4e8094c49c4998cc0365224da634772dec11a0b9b19"
        },
        "pipfile-spec": 6,
        "requires": {
            "python_version": "3.8"
        },
        "sources": [
            {
                "name": "pypi",
                "url": "https://pypi.org/simple",
                "verify_ssl": true
            }
        ]
    },
    "default": {
        "romkan": {
            "hashes": [
                "sha256:a530245a38969704700e0ca8f9cb7158c4ede91c5fd1e24677dbe814cf91f33b"
            ],
            "index": "pypi",
            "version": "==0.2.1"
        }
    },
    "develop": {}
}
